
Microsoft Visual Studio Solution File, Format Version 12.00
# Visual Studio 2013
VisualStudioVersion = 12.0.31101.0
MinimumVisualStudioVersion = 10.0.40219.1
Project("{FAE04EC0-301F-11D3-BF4B-00C04F79EFBC}") = "SJCNet.RecipeManager.WebAPI", "SJCNet.RecipeManager.WebAPI\SJCNet.RecipeManager.WebAPI.csproj", "{F3E7C2EE-792A-4C82-B7DE-4791D253EED9}"
EndProject
Project("{FAE04EC0-301F-11D3-BF4B-00C04F79EFBC}") = "SJCNet.RecipeManager.Data", "SJCNet.RecipeManager.Data\SJCNet.RecipeManager.Data.csproj", "{EFBC64D9-29DE-466A-BC87-60DD5FFE3766}"
EndProject
Project("{FAE04EC0-301F-11D3-BF4B-00C04F79EFBC}") = "SJCNet.RecipeManager.Model", "SJCNet.RecipeManager.Model\SJCNet.RecipeManager.Model.csproj", "{2457924E-2135-4823-82EB-B4B66F54CB95}"
EndProject
Project("{FAE04EC0-301F-11D3-BF4B-00C04F79EFBC}") = "SJCNet.RecipeManager.Test.Unit", "SJCNet.RecipeManager.Test.Unit\SJCNet.RecipeManager.Test.Unit.csproj", "{C64BDD77-F951-45E8-8414-1517E08DB8C5}"
EndProject
Project("{FAE04EC0-301F-11D3-BF4B-00C04F79EFBC}") = "SJCNet.RecipeManager.Test.Samples", "SJCNet.RecipeManager.Data.Sets\SJCNet.RecipeManager.Test.Samples.csproj", "{7EF6A339-03F6-4CB7-BEFC-18248D172A9E}"
EndProject
Project("{2150E333-8FDC-42A3-9474-1A3956D46DE8}") = "Testing", "Testing", "{2FF51BFA-532E-4ECB-A2B1-B292D4C9E5D9}"
EndProject
Project("{FAE04EC0-301F-11D3-BF4B-00C04F79EFBC}") = "SJCNet.RecipeManager.Test.Integration", "SJCNet.RecipeManager.Test.Integration\SJCNet.RecipeManager.Test.Integration.csproj", "{36D4F371-2755-41A5-B914-7774258D72DA}"
EndProject
Project("{FAE04EC0-301F-11D3-BF4B-00C04F79EFBC}") = "SJCNet.RecipeManager.Test.Common", "SJCNet.RecipeManager.Test.Common\SJCNet.RecipeManager.Test.Common.csproj", "{0258FBAC-8C58-43E2-BAD3-21421A53A5CB}"
EndProject
Global
	GlobalSection(SolutionConfigurationPlatforms) = preSolution
		CI|Any CPU = CI|Any CPU
		CI|ARM = CI|ARM
		CI|x64 = CI|x64
		CI|x86 = CI|x86
		Debug|Any CPU = Debug|Any CPU
		Debug|ARM = Debug|ARM
		Debug|x64 = Debug|x64
		Debug|x86 = Debug|x86
		Release|Any CPU = Release|Any CPU
		Release|ARM = Release|ARM
		Release|x64 = Release|x64
		Release|x86 = Release|x86
	EndGlobalSection
	GlobalSection(ProjectConfigurationPlatforms) = postSolution
		{F3E7C2EE-792A-4C82-B7DE-4791D253EED9}.CI|Any CPU.ActiveCfg = CI|Any CPU
		{F3E7C2EE-792A-4C82-B7DE-4791D253EED9}.CI|Any CPU.Build.0 = CI|Any CPU
		{F3E7C2EE-792A-4C82-B7DE-4791D253EED9}.CI|ARM.ActiveCfg = CI|Any CPU
		{F3E7C2EE-792A-4C82-B7DE-4791D253EED9}.CI|x64.ActiveCfg = CI|Any CPU
		{F3E7C2EE-792A-4C82-B7DE-4791D253EED9}.CI|x86.ActiveCfg = CI|Any CPU
		{F3E7C2EE-792A-4C82-B7DE-4791D253EED9}.Debug|Any CPU.ActiveCfg = Debug|Any CPU
		{F3E7C2EE-792A-4C82-B7DE-4791D253EED9}.Debug|Any CPU.Build.0 = Debug|Any CPU
		{F3E7C2EE-792A-4C82-B7DE-4791D253EED9}.Debug|ARM.ActiveCfg = Debug|Any CPU
		{F3E7C2EE-792A-4C82-B7DE-4791D253EED9}.Debug|x64.ActiveCfg = Debug|Any CPU
		{F3E7C2EE-792A-4C82-B7DE-4791D253EED9}.Debug|x86.ActiveCfg = Debug|Any CPU
		{F3E7C2EE-792A-4C82-B7DE-4791D253EED9}.Release|Any CPU.ActiveCfg = Release|Any CPU
		{F3E7C2EE-792A-4C82-B7DE-4791D253EED9}.Release|Any CPU.Build.0 = Release|Any CPU
		{F3E7C2EE-792A-4C82-B7DE-4791D253EED9}.Release|ARM.ActiveCfg = Release|Any CPU
		{F3E7C2EE-792A-4C82-B7DE-4791D253EED9}.Release|x64.ActiveCfg = Release|Any CPU
		{F3E7C2EE-792A-4C82-B7DE-4791D253EED9}.Release|x86.ActiveCfg = Release|Any CPU
		{EFBC64D9-29DE-466A-BC87-60DD5FFE3766}.CI|Any CPU.ActiveCfg = CI|Any CPU
		{EFBC64D9-29DE-466A-BC87-60DD5FFE3766}.CI|Any CPU.Build.0 = CI|Any CPU
		{EFBC64D9-29DE-466A-BC87-60DD5FFE3766}.CI|ARM.ActiveCfg = CI|Any CPU
		{EFBC64D9-29DE-466A-BC87-60DD5FFE3766}.CI|x64.ActiveCfg = CI|Any CPU
		{EFBC64D9-29DE-466A-BC87-60DD5FFE3766}.CI|x86.ActiveCfg = CI|Any CPU
		{EFBC64D9-29DE-466A-BC87-60DD5FFE3766}.Debug|Any CPU.ActiveCfg = Debug|Any CPU
		{EFBC64D9-29DE-466A-BC87-60DD5FFE3766}.Debug|Any CPU.Build.0 = Debug|Any CPU
		{EFBC64D9-29DE-466A-BC87-60DD5FFE3766}.Debug|ARM.ActiveCfg = Debug|Any CPU
		{EFBC64D9-29DE-466A-BC87-60DD5FFE3766}.Debug|x64.ActiveCfg = Debug|Any CPU
		{EFBC64D9-29DE-466A-BC87-60DD5FFE3766}.Debug|x86.ActiveCfg = Debug|Any CPU
		{EFBC64D9-29DE-466A-BC87-60DD5FFE3766}.Release|Any CPU.ActiveCfg = Release|Any CPU
		{EFBC64D9-29DE-466A-BC87-60DD5FFE3766}.Release|Any CPU.Build.0 = Release|Any CPU
		{EFBC64D9-29DE-466A-BC87-60DD5FFE3766}.Release|ARM.ActiveCfg = Release|Any CPU
		{EFBC64D9-29DE-466A-BC87-60DD5FFE3766}.Release|x64.ActiveCfg = Release|Any CPU
		{EFBC64D9-29DE-466A-BC87-60DD5FFE3766}.Release|x86.ActiveCfg = Release|Any CPU
		{2457924E-2135-4823-82EB-B4B66F54CB95}.CI|Any CPU.ActiveCfg = CI|Any CPU
		{2457924E-2135-4823-82EB-B4B66F54CB95}.CI|Any CPU.Build.0 = CI|Any CPU
		{2457924E-2135-4823-82EB-B4B66F54CB95}.CI|ARM.ActiveCfg = CI|Any CPU
		{2457924E-2135-4823-82EB-B4B66F54CB95}.CI|x64.ActiveCfg = CI|Any CPU
		{2457924E-2135-4823-82EB-B4B66F54CB95}.CI|x86.ActiveCfg = CI|Any CPU
		{2457924E-2135-4823-82EB-B4B66F54CB95}.Debug|Any CPU.ActiveCfg = Debug|Any CPU
		{2457924E-2135-4823-82EB-B4B66F54CB95}.Debug|Any CPU.Build.0 = Debug|Any CPU
		{2457924E-2135-4823-82EB-B4B66F54CB95}.Debug|ARM.ActiveCfg = Debug|Any CPU
		{2457924E-2135-4823-82EB-B4B66F54CB95}.Debug|x64.ActiveCfg = Debug|Any CPU
		{2457924E-2135-4823-82EB-B4B66F54CB95}.Debug|x86.ActiveCfg = Debug|Any CPU
		{2457924E-2135-4823-82EB-B4B66F54CB95}.Release|Any CPU.ActiveCfg = Release|Any CPU
		{2457924E-2135-4823-82EB-B4B66F54CB95}.Release|Any CPU.Build.0 = Release|Any CPU
		{2457924E-2135-4823-82EB-B4B66F54CB95}.Release|ARM.ActiveCfg = Release|Any CPU
		{2457924E-2135-4823-82EB-B4B66F54CB95}.Release|x64.ActiveCfg = Release|Any CPU
		{2457924E-2135-4823-82EB-B4B66F54CB95}.Release|x86.ActiveCfg = Release|Any CPU
		{C64BDD77-F951-45E8-8414-1517E08DB8C5}.CI|Any CPU.ActiveCfg = CI|Any CPU
		{C64BDD77-F951-45E8-8414-1517E08DB8C5}.CI|Any CPU.Build.0 = CI|Any CPU
		{C64BDD77-F951-45E8-8414-1517E08DB8C5}.CI|ARM.ActiveCfg = CI|Any CPU
		{C64BDD77-F951-45E8-8414-1517E08DB8C5}.CI|x64.ActiveCfg = CI|Any CPU
		{C64BDD77-F951-45E8-8414-1517E08DB8C5}.CI|x86.ActiveCfg = CI|Any CPU
		{C64BDD77-F951-45E8-8414-1517E08DB8C5}.Debug|Any CPU.ActiveCfg = Debug|Any CPU
		{C64BDD77-F951-45E8-8414-1517E08DB8C5}.Debug|Any CPU.Build.0 = Debug|Any CPU
		{C64BDD77-F951-45E8-8414-1517E08DB8C5}.Debug|ARM.ActiveCfg = Debug|Any CPU
		{C64BDD77-F951-45E8-8414-1517E08DB8C5}.Debug|x64.ActiveCfg = Debug|Any CPU
		{C64BDD77-F951-45E8-8414-1517E08DB8C5}.Debug|x86.ActiveCfg = Debug|Any CPU
		{C64BDD77-F951-45E8-8414-1517E08DB8C5}.Release|Any CPU.ActiveCfg = Release|Any CPU
		{C64BDD77-F951-45E8-8414-1517E08DB8C5}.Release|Any CPU.Build.0 = Release|Any CPU
		{C64BDD77-F951-45E8-8414-1517E08DB8C5}.Release|ARM.ActiveCfg = Release|Any CPU
		{C64BDD77-F951-45E8-8414-1517E08DB8C5}.Release|x64.ActiveCfg = Release|Any CPU
		{C64BDD77-F951-45E8-8414-1517E08DB8C5}.Release|x86.ActiveCfg = Release|Any CPU
		{7EF6A339-03F6-4CB7-BEFC-18248D172A9E}.CI|Any CPU.ActiveCfg = CI|Any CPU
		{7EF6A339-03F6-4CB7-BEFC-18248D172A9E}.CI|Any CPU.Build.0 = CI|Any CPU
		{7EF6A339-03F6-4CB7-BEFC-18248D172A9E}.CI|ARM.ActiveCfg = CI|Any CPU
		{7EF6A339-03F6-4CB7-BEFC-18248D172A9E}.CI|x64.ActiveCfg = CI|Any CPU
		{7EF6A339-03F6-4CB7-BEFC-18248D172A9E}.CI|x86.ActiveCfg = CI|Any CPU
		{7EF6A339-03F6-4CB7-BEFC-18248D172A9E}.Debug|Any CPU.ActiveCfg = Debug|Any CPU
		{7EF6A339-03F6-4CB7-BEFC-18248D172A9E}.Debug|Any CPU.Build.0 = Debug|Any CPU
		{7EF6A339-03F6-4CB7-BEFC-18248D172A9E}.Debug|ARM.ActiveCfg = Debug|Any CPU
		{7EF6A339-03F6-4CB7-BEFC-18248D172A9E}.Debug|x64.ActiveCfg = Debug|Any CPU
		{7EF6A339-03F6-4CB7-BEFC-18248D172A9E}.Debug|x86.ActiveCfg = Debug|Any CPU
		{7EF6A339-03F6-4CB7-BEFC-18248D172A9E}.Release|Any CPU.ActiveCfg = Release|Any CPU
		{7EF6A339-03F6-4CB7-BEFC-18248D172A9E}.Release|Any CPU.Build.0 = Release|Any CPU
		{7EF6A339-03F6-4CB7-BEFC-18248D172A9E}.Release|ARM.ActiveCfg = Release|Any CPU
		{7EF6A339-03F6-4CB7-BEFC-18248D172A9E}.Release|x64.ActiveCfg = Release|Any CPU
		{7EF6A339-03F6-4CB7-BEFC-18248D172A9E}.Release|x86.ActiveCfg = Release|Any CPU
		{36D4F371-2755-41A5-B914-7774258D72DA}.CI|Any CPU.ActiveCfg = CI|Any CPU
		{36D4F371-2755-41A5-B914-7774258D72DA}.CI|Any CPU.Build.0 = CI|Any CPU
		{36D4F371-2755-41A5-B914-7774258D72DA}.CI|ARM.ActiveCfg = CI|Any CPU
		{36D4F371-2755-41A5-B914-7774258D72DA}.CI|x64.ActiveCfg = CI|Any CPU
		{36D4F371-2755-41A5-B914-7774258D72DA}.CI|x86.ActiveCfg = CI|Any CPU
		{36D4F371-2755-41A5-B914-7774258D72DA}.Debug|Any CPU.ActiveCfg = Debug|Any CPU
		{36D4F371-2755-41A5-B914-7774258D72DA}.Debug|Any CPU.Build.0 = Debug|Any CPU
		{36D4F371-2755-41A5-B914-7774258D72DA}.Debug|ARM.ActiveCfg = Debug|Any CPU
		{36D4F371-2755-41A5-B914-7774258D72DA}.Debug|x64.ActiveCfg = Debug|Any CPU
		{36D4F371-2755-41A5-B914-7774258D72DA}.Debug|x86.ActiveCfg = Debug|Any CPU
		{36D4F371-2755-41A5-B914-7774258D72DA}.Release|Any CPU.ActiveCfg = Release|Any CPU
		{36D4F371-2755-41A5-B914-7774258D72DA}.Release|Any CPU.Build.0 = Release|Any CPU
		{36D4F371-2755-41A5-B914-7774258D72DA}.Release|ARM.ActiveCfg = Release|Any CPU
		{36D4F371-2755-41A5-B914-7774258D72DA}.Release|x64.ActiveCfg = Release|Any CPU
		{36D4F371-2755-41A5-B914-7774258D72DA}.Release|x86.ActiveCfg = Release|Any CPU
		{0258FBAC-8C58-43E2-BAD3-21421A53A5CB}.CI|Any CPU.ActiveCfg = CI|Any CPU
		{0258FBAC-8C58-43E2-BAD3-21421A53A5CB}.CI|Any CPU.Build.0 = CI|Any CPU
		{0258FBAC-8C58-43E2-BAD3-21421A53A5CB}.CI|ARM.ActiveCfg = CI|Any CPU
		{0258FBAC-8C58-43E2-BAD3-21421A53A5CB}.CI|x64.ActiveCfg = CI|Any CPU
		{0258FBAC-8C58-43E2-BAD3-21421A53A5CB}.CI|x86.ActiveCfg = CI|Any CPU
		{0258FBAC-8C58-43E2-BAD3-21421A53A5CB}.Debug|Any CPU.ActiveCfg = Debug|Any CPU
		{0258FBAC-8C58-43E2-BAD3-21421A53A5CB}.Debug|Any CPU.Build.0 = Debug|Any CPU
		{0258FBAC-8C58-43E2-BAD3-21421A53A5CB}.Debug|ARM.ActiveCfg = Debug|Any CPU
		{0258FBAC-8C58-43E2-BAD3-21421A53A5CB}.Debug|x64.ActiveCfg = Debug|Any CPU
		{0258FBAC-8C58-43E2-BAD3-21421A53A5CB}.Debug|x86.ActiveCfg = Debug|Any CPU
		{0258FBAC-8C58-43E2-BAD3-21421A53A5CB}.Release|Any CPU.ActiveCfg = Release|Any CPU
		{0258FBAC-8C58-43E2-BAD3-21421A53A5CB}.Release|Any CPU.Build.0 = Release|Any CPU
		{0258FBAC-8C58-43E2-BAD3-21421A53A5CB}.Release|ARM.ActiveCfg = Release|Any CPU
		{0258FBAC-8C58-43E2-BAD3-21421A53A5CB}.Release|x64.ActiveCfg = Release|Any CPU
		{0258FBAC-8C58-43E2-BAD3-21421A53A5CB}.Release|x86.ActiveCfg = Release|Any CPU
	EndGlobalSection
	GlobalSection(SolutionProperties) = preSolution
		HideSolutionNode = FALSE
	EndGlobalSection
	GlobalSection(NestedProjects) = preSolution
		{C64BDD77-F951-45E8-8414-1517E08DB8C5} = {2FF51BFA-532E-4ECB-A2B1-B292D4C9E5D9}
		{7EF6A339-03F6-4CB7-BEFC-18248D172A9E} = {2FF51BFA-532E-4ECB-A2B1-B292D4C9E5D9}
		{36D4F371-2755-41A5-B914-7774258D72DA} = {2FF51BFA-532E-4ECB-A2B1-B292D4C9E5D9}
		{0258FBAC-8C58-43E2-BAD3-21421A53A5CB} = {2FF51BFA-532E-4ECB-A2B1-B292D4C9E5D9}
	EndGlobalSection
EndGlobal
